
Microsoft Visual Studio Solution File, Format Version 12.00
# Visual Studio Version 17
VisualStudioVersion = 17.14.36221.1 d17.14
MinimumVisualStudioVersion = 10.0.40219.1
Project("{FAE04EC0-301F-11D3-BF4B-00C04F79EFBC}") = "MyFirstJournalApp", "MyFirstJournalApp\MyFirstJournalApp.csproj", "{19B5C1D0-CDFF-48C8-B65E-CECEC1D8437E}"
EndProject
Global
	GlobalSection(SolutionConfigurationPlatforms) = preSolution
		Debug|Any CPU = Debug|Any CPU
		Release|Any CPU = Release|Any CPU
	EndGlobalSection
	GlobalSection(ProjectConfigurationPlatforms) = postSolution
		{19B5C1D0-CDFF-48C8-B65E-CECEC1D8437E}.Debug|Any CPU.ActiveCfg = Debug|Any CPU
		{19B5C1D0-CDFF-48C8-B65E-CECEC1D8437E}.Debug|Any CPU.Build.0 = Debug|Any CPU
		{19B5C1D0-CDFF-48C8-B65E-CECEC1D8437E}.Release|Any CPU.ActiveCfg = Release|Any CPU
		{19B5C1D0-CDFF-48C8-B65E-CECEC1D8437E}.Release|Any CPU.Build.0 = Release|Any CPU
	EndGlobalSection
	GlobalSection(SolutionProperties) = preSolution
		HideSolutionNode = FALSE
	EndGlobalSection
	GlobalSection(ExtensibilityGlobals) = postSolution
		SolutionGuid = {AAAA1263-AFDB-4704-9A74-8915697E4F6D}
	EndGlobalSection
EndGlobal
